// !$*UTF8*$!
{
	archiveVersion = 1;
	classes = {
	};
	objectVersion = 50;
	objects = {

/* Begin PBXBuildFile section */
		BC89D30421EB7439003E0317 /* AppDelegate.swift in Sources */ = {isa = PBXBuildFile; fileRef = BC89D30321EB7439003E0317 /* AppDelegate.swift */; };
		BC89D30621EB7439003E0317 /* ViewController.swift in Sources */ = {isa = PBXBuildFile; fileRef = BC89D30521EB7439003E0317 /* ViewController.swift */; };
		BC89D30921EB7439003E0317 /* Main.storyboard in Resources */ = {isa = PBXBuildFile; fileRef = BC89D30721EB7439003E0317 /* Main.storyboard */; };
		BC89D30B21EB743A003E0317 /* Assets.xcassets in Resources */ = {isa = PBXBuildFile; fileRef = BC89D30A21EB743A003E0317 /* Assets.xcassets */; };
		BC89D30E21EB743A003E0317 /* LaunchScreen.storyboard in Resources */ = {isa = PBXBuildFile; fileRef = BC89D30C21EB743A003E0317 /* LaunchScreen.storyboard */; };
		BC89D31921EB743A003E0317 /* HoroscopeTests.swift in Sources */ = {isa = PBXBuildFile; fileRef = BC89D31821EB743A003E0317 /* HoroscopeTests.swift */; };
		BC89D32421EB743A003E0317 /* HoroscopeUITests.swift in Sources */ = {isa = PBXBuildFile; fileRef = BC89D32321EB743A003E0317 /* HoroscopeUITests.swift */; };
		BC89D33221EB774C003E0317 /* Model.swift in Sources */ = {isa = PBXBuildFile; fileRef = BC89D33121EB774C003E0317 /* Model.swift */; };
		BC89D33521EB7D99003E0317 /* CollectionViewCell.swift in Sources */ = {isa = PBXBuildFile; fileRef = BC89D33421EB7D99003E0317 /* CollectionViewCell.swift */; };
		BC89D33721EB883F003E0317 /* UserSignViewController.swift in Sources */ = {isa = PBXBuildFile; fileRef = BC89D33621EB883F003E0317 /* UserSignViewController.swift */; };
/* End PBXBuildFile section */

/* Begin PBXContainerItemProxy section */
		BC89D31521EB743A003E0317 /* PBXContainerItemProxy */ = {
			isa = PBXContainerItemProxy;
			containerPortal = BC89D2F821EB7439003E0317 /* Project object */;
			proxyType = 1;
			remoteGlobalIDString = BC89D2FF21EB7439003E0317;
			remoteInfo = Horoscope;
		};
		BC89D32021EB743A003E0317 /* PBXContainerItemProxy */ = {
			isa = PBXContainerItemProxy;
			containerPortal = BC89D2F821EB7439003E0317 /* Project object */;
			proxyType = 1;
			remoteGlobalIDString = BC89D2FF21EB7439003E0317;
			remoteInfo = Horoscope;
		};
/* End PBXContainerItemProxy section */

/* Begin PBXFileReference section */
		BC89D30021EB7439003E0317 /* Horoscope.app */ = {isa = PBXFileReference; explicitFileType = wrapper.application; includeInIndex = 0; path = Horoscope.app; sourceTree = BUILT_PRODUCTS_DIR; };
		BC89D30321EB7439003E0317 /* AppDelegate.swift */ = {isa = PBXFileReference; lastKnownFileType = sourcecode.swift; path = AppDelegate.swift; sourceTree = "<group>"; };
		BC89D30521EB7439003E0317 /* ViewController.swift */ = {isa = PBXFileReference; lastKnownFileType = sourcecode.swift; path = ViewController.swift; sourceTree = "<group>"; };
		BC89D30821EB7439003E0317 /* Base */ = {isa = PBXFileReference; lastKnownFileType = file.storyboard; name = Base; path = Base.lproj/Main.storyboard; sourceTree = "<group>"; };
		BC89D30A21EB743A003E0317 /* Assets.xcassets */ = {isa = PBXFileReference; lastKnownFileType = folder.assetcatalog; path = Assets.xcassets; sourceTree = "<group>"; };
		BC89D30D21EB743A003E0317 /* Base */ = {isa = PBXFileReference; lastKnownFileType = file.storyboard; name = Base; path = Base.lproj/LaunchScreen.storyboard; sourceTree = "<group>"; };
		BC89D30F21EB743A003E0317 /* Info.plist */ = {isa = PBXFileReference; lastKnownFileType = text.plist.xml; path = Info.plist; sourceTree = "<group>"; };
		BC89D31421EB743A003E0317 /* HoroscopeTests.xctest */ = {isa = PBXFileReference; explicitFileType = wrapper.cfbundle; includeInIndex = 0; path = HoroscopeTests.xctest; sourceTree = BUILT_PRODUCTS_DIR; };
		BC89D31821EB743A003E0317 /* HoroscopeTests.swift */ = {isa = PBXFileReference; lastKnownFileType = sourcecode.swift; path = HoroscopeTests.swift; sourceTree = "<group>"; };
		BC89D31A21EB743A003E0317 /* Info.plist */ = {isa = PBXFileReference; lastKnownFileType = text.plist.xml; path = Info.plist; sourceTree = "<group>"; };
		BC89D31F21EB743A003E0317 /* HoroscopeUITests.xctest */ = {isa = PBXFileReference; explicitFileType = wrapper.cfbundle; includeInIndex = 0; path = HoroscopeUITests.xctest; sourceTree = BUILT_PRODUCTS_DIR; };
		BC89D32321EB743A003E0317 /* HoroscopeUITests.swift */ = {isa = PBXFileReference; lastKnownFileType = sourcecode.swift; path = HoroscopeUITests.swift; sourceTree = "<group>"; };
		BC89D32521EB743A003E0317 /* Info.plist */ = {isa = PBXFileReference; lastKnownFileType = text.plist.xml; path = Info.plist; sourceTree = "<group>"; };
		BC89D33121EB774C003E0317 /* Model.swift */ = {isa = PBXFileReference; lastKnownFileType = sourcecode.swift; path = Model.swift; sourceTree = "<group>"; };
		BC89D33421EB7D99003E0317 /* CollectionViewCell.swift */ = {isa = PBXFileReference; lastKnownFileType = sourcecode.swift; path = CollectionViewCell.swift; sourceTree = "<group>"; };
		BC89D33621EB883F003E0317 /* UserSignViewController.swift */ = {isa = PBXFileReference; lastKnownFileType = sourcecode.swift; path = UserSignViewController.swift; sourceTree = "<group>"; };
/* End PBXFileReference section */

/* Begin PBXFrameworksBuildPhase section */
		BC89D2FD21EB7439003E0317 /* Frameworks */ = {
			isa = PBXFrameworksBuildPhase;
			buildActionMask = 2147483647;
			files = (
			);
			runOnlyForDeploymentPostprocessing = 0;
		};
		BC89D31121EB743A003E0317 /* Frameworks */ = {
			isa = PBXFrameworksBuildPhase;
			buildActionMask = 2147483647;
			files = (
			);
			runOnlyForDeploymentPostprocessing = 0;
		};
		BC89D31C21EB743A003E0317 /* Frameworks */ = {
			isa = PBXFrameworksBuildPhase;
			buildActionMask = 2147483647;
			files = (
			);
			runOnlyForDeploymentPostprocessing = 0;
		};
/* End PBXFrameworksBuildPhase section */

/* Begin PBXGroup section */
		BC89D2F721EB7439003E0317 = {
			isa = PBXGroup;
			children = (
				BC89D33321EB7751003E0317 /* Model */,
				BC89D30221EB7439003E0317 /* Horoscope */,
				BC89D31721EB743A003E0317 /* HoroscopeTests */,
				BC89D32221EB743A003E0317 /* HoroscopeUITests */,
				BC89D30121EB7439003E0317 /* Products */,
			);
			sourceTree = "<group>";
		};
		BC89D30121EB7439003E0317 /* Products */ = {
			isa = PBXGroup;
			children = (
				BC89D30021EB7439003E0317 /* Horoscope.app */,
				BC89D31421EB743A003E0317 /* HoroscopeTests.xctest */,
				BC89D31F21EB743A003E0317 /* HoroscopeUITests.xctest */,
			);
			name = Products;
			sourceTree = "<group>";
		};
		BC89D30221EB7439003E0317 /* Horoscope */ = {
			isa = PBXGroup;
			children = (
				BC89D33621EB883F003E0317 /* UserSignViewController.swift */,
				BC89D33421EB7D99003E0317 /* CollectionViewCell.swift */,
				BC89D30321EB7439003E0317 /* AppDelegate.swift */,
				BC89D30521EB7439003E0317 /* ViewController.swift */,
				BC89D30721EB7439003E0317 /* Main.storyboard */,
				BC89D30A21EB743A003E0317 /* Assets.xcassets */,
				BC89D30C21EB743A003E0317 /* LaunchScreen.storyboard */,
				BC89D30F21EB743A003E0317 /* Info.plist */,
			);
			path = Horoscope;
			sourceTree = "<group>";
		};
		BC89D31721EB743A003E0317 /* HoroscopeTests */ = {
			isa = PBXGroup;
			children = (
				BC89D31821EB743A003E0317 /* HoroscopeTests.swift */,
				BC89D31A21EB743A003E0317 /* Info.plist */,
			);
			path = HoroscopeTests;
			sourceTree = "<group>";
		};
		BC89D32221EB743A003E0317 /* HoroscopeUITests */ = {
			isa = PBXGroup;
			children = (
				BC89D32321EB743A003E0317 /* HoroscopeUITests.swift */,
				BC89D32521EB743A003E0317 /* Info.plist */,
			);
			path = HoroscopeUITests;
			sourceTree = "<group>";
		};
		BC89D33321EB7751003E0317 /* Model */ = {
			isa = PBXGroup;
			children = (
				BC89D33121EB774C003E0317 /* Model.swift */,
			);
			path = Model;
			sourceTree = "<group>";
		};
/* End PBXGroup section */

/* Begin PBXNativeTarget section */
		BC89D2FF21EB7439003E0317 /* Horoscope */ = {
			isa = PBXNativeTarget;
			buildConfigurationList = BC89D32821EB743A003E0317 /* Build configuration list for PBXNativeTarget "Horoscope" */;
			buildPhases = (
				BC89D2FC21EB7439003E0317 /* Sources */,
				BC89D2FD21EB7439003E0317 /* Frameworks */,
				BC89D2FE21EB7439003E0317 /* Resources */,
			);
			buildRules = (
			);
			dependencies = (
			);
			name = Horoscope;
			productName = Horoscope;
			productReference = BC89D30021EB7439003E0317 /* Horoscope.app */;
			productType = "com.apple.product-type.application";
		};
		BC89D31321EB743A003E0317 /* HoroscopeTests */ = {
			isa = PBXNativeTarget;
			buildConfigurationList = BC89D32B21EB743A003E0317 /* Build configuration list for PBXNativeTarget "HoroscopeTests" */;
			buildPhases = (
				BC89D31021EB743A003E0317 /* Sources */,
				BC89D31121EB743A003E0317 /* Frameworks */,
				BC89D31221EB743A003E0317 /* Resources */,
			);
			buildRules = (
			);
			dependencies = (
				BC89D31621EB743A003E0317 /* PBXTargetDependency */,
			);
			name = HoroscopeTests;
			productName = HoroscopeTests;
			productReference = BC89D31421EB743A003E0317 /* HoroscopeTests.xctest */;
			productType = "com.apple.product-type.bundle.unit-test";
		};
		BC89D31E21EB743A003E0317 /* HoroscopeUITests */ = {
			isa = PBXNativeTarget;
			buildConfigurationList = BC89D32E21EB743A003E0317 /* Build configuration list for PBXNativeTarget "HoroscopeUITests" */;
			buildPhases = (
				BC89D31B21EB743A003E0317 /* Sources */,
				BC89D31C21EB743A003E0317 /* Frameworks */,
				BC89D31D21EB743A003E0317 /* Resources */,
			);
			buildRules = (
			);
			dependencies = (
				BC89D32121EB743A003E0317 /* PBXTargetDependency */,
			);
			name = HoroscopeUITests;
			productName = HoroscopeUITests;
			productReference = BC89D31F21EB743A003E0317 /* HoroscopeUITests.xctest */;
			productType = "com.apple.product-type.bundle.ui-testing";
		};
/* End PBXNativeTarget section */

/* Begin PBXProject section */
		BC89D2F821EB7439003E0317 /* Project object */ = {
			isa = PBXProject;
			attributes = {
				LastSwiftUpdateCheck = 1010;
				LastUpgradeCheck = 1010;
				ORGANIZATIONNAME = "Ruslan Latfulin";
				TargetAttributes = {
					BC89D2FF21EB7439003E0317 = {
						CreatedOnToolsVersion = 10.1;
					};
					BC89D31321EB743A003E0317 = {
						CreatedOnToolsVersion = 10.1;
						TestTargetID = BC89D2FF21EB7439003E0317;
					};
					BC89D31E21EB743A003E0317 = {
						CreatedOnToolsVersion = 10.1;
						TestTargetID = BC89D2FF21EB7439003E0317;
					};
				};
			};
			buildConfigurationList = BC89D2FB21EB7439003E0317 /* Build configuration list for PBXProject "Horoscope" */;
			compatibilityVersion = "Xcode 9.3";
			developmentRegion = en;
			hasScannedForEncodings = 0;
			knownRegions = (
				en,
				Base,
			);
			mainGroup = BC89D2F721EB7439003E0317;
			productRefGroup = BC89D30121EB7439003E0317 /* Products */;
			projectDirPath = "";
			projectRoot = "";
			targets = (
				BC89D2FF21EB7439003E0317 /* Horoscope */,
				BC89D31321EB743A003E0317 /* HoroscopeTests */,
				BC89D31E21EB743A003E0317 /* HoroscopeUITests */,
			);
		};
/* End PBXProject section */

/* Begin PBXResourcesBuildPhase section */
		BC89D2FE21EB7439003E0317 /* Resources */ = {
			isa = PBXResourcesBuildPhase;
			buildActionMask = 2147483647;
			files = (
				BC89D30E21EB743A003E0317 /* LaunchScreen.storyboard in Resources */,
				BC89D30B21EB743A003E0317 /* Assets.xcassets in Resources */,
				BC89D30921EB7439003E0317 /* Main.storyboard in Resources */,
			);
			runOnlyForDeploymentPostprocessing = 0;
		};
		BC89D31221EB743A003E0317 /* Resources */ = {
			isa = PBXResourcesBuildPhase;
			buildActionMask = 2147483647;
			files = (
			);
			runOnlyForDeploymentPostprocessing = 0;
		};
		BC89D31D21EB743A003E0317 /* Resources */ = {
			isa = PBXResourcesBuildPhase;
			buildActionMask = 2147483647;
			files = (
			);
			runOnlyForDeploymentPostprocessing = 0;
		};
/* End PBXResourcesBuildPhase section */

/* Begin PBXSourcesBuildPhase section */
		BC89D2FC21EB7439003E0317 /* Sources */ = {
			isa = PBXSourcesBuildPhase;
			buildActionMask = 2147483647;
			files = (
				BC89D33221EB774C003E0317 /* Model.swift in Sources */,
				BC89D30621EB7439003E0317 /* ViewController.swift in Sources */,
				BC89D33521EB7D99003E0317 /* CollectionViewCell.swift in Sources */,
				BC89D33721EB883F003E0317 /* UserSignViewController.swift in Sources */,
				BC89D30421EB7439003E0317 /* AppDelegate.swift in Sources */,
			);
			runOnlyForDeploymentPostprocessing = 0;
		};
		BC89D31021EB743A003E0317 /* Sources */ = {
			isa = PBXSourcesBuildPhase;
			buildActionMask = 2147483647;
			files = (
				BC89D31921EB743A003E0317 /* HoroscopeTests.swift in Sources */,
			);
			runOnlyForDeploymentPostprocessing = 0;
		};
		BC89D31B21EB743A003E0317 /* Sources */ = {
			isa = PBXSourcesBuildPhase;
			buildActionMask = 2147483647;
			files = (
				BC89D32421EB743A003E0317 /* HoroscopeUITests.swift in Sources */,
			);
			runOnlyForDeploymentPostprocessing = 0;
		};
/* End PBXSourcesBuildPhase section */

/* Begin PBXTargetDependency section */
		BC89D31621EB743A003E0317 /* PBXTargetDependency */ = {
			isa = PBXTargetDependency;
			target = BC89D2FF21EB7439003E0317 /* Horoscope */;
			targetProxy = BC89D31521EB743A003E0317 /* PBXContainerItemProxy */;
		};
		BC89D32121EB743A003E0317 /* PBXTargetDependency */ = {
			isa = PBXTargetDependency;
			target = BC89D2FF21EB7439003E0317 /* Horoscope */;
			targetProxy = BC89D32021EB743A003E0317 /* PBXContainerItemProxy */;
		};
/* End PBXTargetDependency section */

/* Begin PBXVariantGroup section */
		BC89D30721EB7439003E0317 /* Main.storyboard */ = {
			isa = PBXVariantGroup;
			children = (
				BC89D30821EB7439003E0317 /* Base */,
			);
			name = Main.storyboard;
			sourceTree = "<group>";
		};
		BC89D30C21EB743A003E0317 /* LaunchScreen.storyboard */ = {
			isa = PBXVariantGroup;
			children = (
				BC89D30D21EB743A003E0317 /* Base */,
			);
			name = LaunchScreen.storyboard;
			sourceTree = "<group>";
		};
/* End PBXVariantGroup section */

/* Begin XCBuildConfiguration section */
		BC89D32621EB743A003E0317 /* Debug */ = {
			isa = XCBuildConfiguration;
			buildSettings = {
				ALWAYS_SEARCH_USER_PATHS = NO;
				CLANG_ANALYZER_NONNULL = YES;
				CLANG_ANALYZER_NUMBER_OBJECT_CONVERSION = YES_AGGRESSIVE;
				CLANG_CXX_LANGUAGE_STANDARD = "gnu++14";
				CLANG_CXX_LIBRARY = "libc++";
				CLANG_ENABLE_MODULES = YES;
				CLANG_ENABLE_OBJC_ARC = YES;
				CLANG_ENABLE_OBJC_WEAK = YES;
				CLANG_WARN_BLOCK_CAPTURE_AUTORELEASING = YES;
				CLANG_WARN_BOOL_CONVERSION = YES;
				CLANG_WARN_COMMA = YES;
				CLANG_WARN_CONSTANT_CONVERSION = YES;
				CLANG_WARN_DEPRECATED_OBJC_IMPLEMENTATIONS = YES;
				CLANG_WARN_DIRECT_OBJC_ISA_USAGE = YES_ERROR;
				CLANG_WARN_DOCUMENTATION_COMMENTS = YES;
				CLANG_WARN_EMPTY_BODY = YES;
				CLANG_WARN_ENUM_CONVERSION = YES;
				CLANG_WARN_INFINITE_RECURSION = YES;
				CLANG_WARN_INT_CONVERSION = YES;
				CLANG_WARN_NON_LITERAL_NULL_CONVERSION = YES;
				CLANG_WARN_OBJC_IMPLICIT_RETAIN_SELF = YES;
				CLANG_WARN_OBJC_LITERAL_CONVERSION = YES;
				CLANG_WARN_OBJC_ROOT_CLASS = YES_ERROR;
				CLANG_WARN_RANGE_LOOP_ANALYSIS = YES;
				CLANG_WARN_STRICT_PROTOTYPES = YES;
				CLANG_WARN_SUSPICIOUS_MOVE = YES;
				CLANG_WARN_UNGUARDED_AVAILABILITY = YES_AGGRESSIVE;
				CLANG_WARN_UNREACHABLE_CODE = YES;
				CLANG_WARN__DUPLICATE_METHOD_MATCH = YES;
				CODE_SIGN_IDENTITY = "iPhone Developer";
				COPY_PHASE_STRIP = NO;
				DEBUG_INFORMATION_FORMAT = dwarf;
				ENABLE_STRICT_OBJC_MSGSEND = YES;
				ENABLE_TESTABILITY = YES;
				GCC_C_LANGUAGE_STANDARD = gnu11;
				GCC_DYNAMIC_NO_PIC = NO;
				GCC_NO_COMMON_BLOCKS = YES;
				GCC_OPTIMIZATION_LEVEL = 0;
				GCC_PREPROCESSOR_DEFINITIONS = (
					"DEBUG=1",
					"$(inherited)",
				);
				GCC_WARN_64_TO_32_BIT_CONVERSION = YES;
				GCC_WARN_ABOUT_RETURN_TYPE = YES_ERROR;
				GCC_WARN_UNDECLARED_SELECTOR = YES;
				GCC_WARN_UNINITIALIZED_AUTOS = YES_AGGRESSIVE;
				GCC_WARN_UNUSED_FUNCTION = YES;
				GCC_WARN_UNUSED_VARIABLE = YES;
				IPHONEOS_DEPLOYMENT_TARGET = 12.1;
				MTL_ENABLE_DEBUG_INFO = INCLUDE_SOURCE;
				MTL_FAST_MATH = YES;
				ONLY_ACTIVE_ARCH = YES;
				SDKROOT = iphoneos;
				SWIFT_ACTIVE_COMPILATION_CONDITIONS = DEBUG;
				SWIFT_OPTIMIZATION_LEVEL = "-Onone";
			};
			name = Debug;
		};
		BC89D32721EB743A003E0317 /* Release */ = {
			isa = XCBuildConfiguration;
			buildSettings = {
				ALWAYS_SEARCH_USER_PATHS = NO;
				CLANG_ANALYZER_NONNULL = YES;
				CLANG_ANALYZER_NUMBER_OBJECT_CONVERSION = YES_AGGRESSIVE;
				CLANG_CXX_LANGUAGE_STANDARD = "gnu++14";
				CLANG_CXX_LIBRARY = "libc++";
				CLANG_ENABLE_MODULES = YES;
				CLANG_ENABLE_OBJC_ARC = YES;
				CLANG_ENABLE_OBJC_WEAK = YES;
				CLANG_WARN_BLOCK_CAPTURE_AUTORELEASING = YES;
				CLANG_WARN_BOOL_CONVERSION = YES;
				CLANG_WARN_COMMA = YES;
				CLANG_WARN_CONSTANT_CONVERSION = YES;
				CLANG_WARN_DEPRECATED_OBJC_IMPLEMENTATIONS = YES;
				CLANG_WARN_DIRECT_OBJC_ISA_USAGE = YES_ERROR;
				CLANG_WARN_DOCUMENTATION_COMMENTS = YES;
				CLANG_WARN_EMPTY_BODY = YES;
				CLANG_WARN_ENUM_CONVERSION = YES;
				CLANG_WARN_INFINITE_RECURSION = YES;
				CLANG_WARN_INT_CONVERSION = YES;
				CLANG_WARN_NON_LITERAL_NULL_CONVERSION = YES;
				CLANG_WARN_OBJC_IMPLICIT_RETAIN_SELF = YES;
				CLANG_WARN_OBJC_LITERAL_CONVERSION = YES;
				CLANG_WARN_OBJC_ROOT_CLASS = YES_ERROR;
				CLANG_WARN_RANGE_LOOP_ANALYSIS = YES;
				CLANG_WARN_STRICT_PROTOTYPES = YES;
				CLANG_WARN_SUSPICIOUS_MOVE = YES;
				CLANG_WARN_UNGUARDED_AVAILABILITY = YES_AGGRESSIVE;
				CLANG_WARN_UNREACHABLE_CODE = YES;
				CLANG_WARN__DUPLICATE_METHOD_MATCH = YES;
				CODE_SIGN_IDENTITY = "iPhone Developer";
				COPY_PHASE_STRIP = NO;
				DEBUG_INFORMATION_FORMAT = "dwarf-with-dsym";
				ENABLE_NS_ASSERTIONS = NO;
				ENABLE_STRICT_OBJC_MSGSEND = YES;
				GCC_C_LANGUAGE_STANDARD = gnu11;
				GCC_NO_COMMON_BLOCKS = YES;
				GCC_WARN_64_TO_32_BIT_CONVERSION = YES;
				GCC_WARN_ABOUT_RETURN_TYPE = YES_ERROR;
				GCC_WARN_UNDECLARED_SELECTOR = YES;
				GCC_WARN_UNINITIALIZED_AUTOS = YES_AGGRESSIVE;
				GCC_WARN_UNUSED_FUNCTION = YES;
				GCC_WARN_UNUSED_VARIABLE = YES;
				IPHONEOS_DEPLOYMENT_TARGET = 12.1;
				MTL_ENABLE_DEBUG_INFO = NO;
				MTL_FAST_MATH = YES;
				SDKROOT = iphoneos;
				SWIFT_COMPILATION_MODE = wholemodule;
				SWIFT_OPTIMIZATION_LEVEL = "-O";
				VALIDATE_PRODUCT = YES;
			};
			name = Release;
		};
		BC89D32921EB743A003E0317 /* Debug */ = {
			isa = XCBuildConfiguration;
			buildSettings = {
				ASSETCATALOG_COMPILER_APPICON_NAME = AppIcon;
				CODE_SIGN_STYLE = Automatic;
				INFOPLIST_FILE = Horoscope/Info.plist;
				LD_RUNPATH_SEARCH_PATHS = (
					"$(inherited)",
					"@executable_path/Frameworks",
				);
				PRODUCT_BUNDLE_IDENTIFIER = Rus.Horoscope;
				PRODUCT_NAME = "$(TARGET_NAME)";
				SWIFT_VERSION = 4.2;
				TARGETED_DEVICE_FAMILY = "1,2";
			};
			name = Debug;
		};
		BC89D32A21EB743A003E0317 /* Release */ = {
			isa = XCBuildConfiguration;
			buildSettings = {
				ASSETCATALOG_COMPILER_APPICON_NAME = AppIcon;
				CODE_SIGN_STYLE = Automatic;
				INFOPLIST_FILE = Horoscope/Info.plist;
				LD_RUNPATH_SEARCH_PATHS = (
					"$(inherited)",
					"@executable_path/Frameworks",
				);
				PRODUCT_BUNDLE_IDENTIFIER = Rus.Horoscope;
				PRODUCT_NAME = "$(TARGET_NAME)";
				SWIFT_VERSION = 4.2;
				TARGETED_DEVICE_FAMILY = "1,2";
			};
			name = Release;
		};
		BC89D32C21EB743A003E0317 /* Debug */ = {
			isa = XCBuildConfiguration;
			buildSettings = {
				ALWAYS_EMBED_SWIFT_STANDARD_LIBRARIES = YES;
				BUNDLE_LOADER = "$(TEST_HOST)";
				CODE_SIGN_STYLE = Automatic;
				INFOPLIST_FILE = HoroscopeTests/Info.plist;
				LD_RUNPATH_SEARCH_PATHS = (
					"$(inherited)",
					"@executable_path/Frameworks",
					"@loader_path/Frameworks",
				);
				PRODUCT_BUNDLE_IDENTIFIER = Rus.HoroscopeTests;
				PRODUCT_NAME = "$(TARGET_NAME)";
				SWIFT_VERSION = 4.2;
				TARGETED_DEVICE_FAMILY = "1,2";
				TEST_HOST = "$(BUILT_PRODUCTS_DIR)/Horoscope.app/Horoscope";
			};
			name = Debug;
		};
		BC89D32D21EB743A003E0317 /* Release */ = {
			isa = XCBuildConfiguration;
			buildSettings = {
				ALWAYS_EMBED_SWIFT_STANDARD_LIBRARIES = YES;
				BUNDLE_LOADER = "$(TEST_HOST)";
				CODE_SIGN_STYLE = Automatic;
				INFOPLIST_FILE = HoroscopeTests/Info.plist;
				LD_RUNPATH_SEARCH_PATHS = (
					"$(inherited)",
					"@executable_path/Frameworks",
					"@loader_path/Frameworks",
				);
				PRODUCT_BUNDLE_IDENTIFIER = Rus.HoroscopeTests;
				PRODUCT_NAME = "$(TARGET_NAME)";
				SWIFT_VERSION = 4.2;
				TARGETED_DEVICE_FAMILY = "1,2";
				TEST_HOST = "$(BUILT_PRODUCTS_DIR)/Horoscope.app/Horoscope";
			};
			name = Release;
		};
		BC89D32F21EB743A003E0317 /* Debug */ = {
			isa = XCBuildConfiguration;
			buildSettings = {
				ALWAYS_EMBED_SWIFT_STANDARD_LIBRARIES = YES;
				CODE_SIGN_STYLE = Automatic;
				INFOPLIST_FILE = HoroscopeUITests/Info.plist;
				LD_RUNPATH_SEARCH_PATHS = (
					"$(inherited)",
					"@executable_path/Frameworks",
					"@loader_path/Frameworks",
				);
				PRODUCT_BUNDLE_IDENTIFIER = Rus.HoroscopeUITests;
				PRODUCT_NAME = "$(TARGET_NAME)";
				SWIFT_VERSION = 4.2;
				TARGETED_DEVICE_FAMILY = "1,2";
				TEST_TARGET_NAME = Horoscope;
			};
			name = Debug;
		};
		BC89D33021EB743A003E0317 /* Release */ = {
			isa = XCBuildConfiguration;
			buildSettings = {
				ALWAYS_EMBED_SWIFT_STANDARD_LIBRARIES = YES;
				CODE_SIGN_STYLE = Automatic;
				INFOPLIST_FILE = HoroscopeUITests/Info.plist;
				LD_RUNPATH_SEARCH_PATHS = (
					"$(inherited)",
					"@executable_path/Frameworks",
					"@loader_path/Frameworks",
				);
				PRODUCT_BUNDLE_IDENTIFIER = Rus.HoroscopeUITests;
				PRODUCT_NAME = "$(TARGET_NAME)";
				SWIFT_VERSION = 4.2;
				TARGETED_DEVICE_FAMILY = "1,2";
				TEST_TARGET_NAME = Horoscope;
			};
			name = Release;
		};
/* End XCBuildConfiguration section */

/* Begin XCConfigurationList section */
		BC89D2FB21EB7439003E0317 /* Build configuration list for PBXProject "Horoscope" */ = {
			isa = XCConfigurationList;
			buildConfigurations = (
				BC89D32621EB743A003E0317 /* Debug */,
				BC89D32721EB743A003E0317 /* Release */,
			);
			defaultConfigurationIsVisible = 0;
			defaultConfigurationName = Release;
		};
		BC89D32821EB743A003E0317 /* Build configuration list for PBXNativeTarget "Horoscope" */ = {
			isa = XCConfigurationList;
			buildConfigurations = (
				BC89D32921EB743A003E0317 /* Debug */,
				BC89D32A21EB743A003E0317 /* Release */,
			);
			defaultConfigurationIsVisible = 0;
			defaultConfigurationName = Release;
		};
		BC89D32B21EB743A003E0317 /* Build configuration list for PBXNativeTarget "HoroscopeTests" */ = {
			isa = XCConfigurationList;
			buildConfigurations = (
				BC89D32C21EB743A003E0317 /* Debug */,
				BC89D32D21EB743A003E0317 /* Release */,
			);
			defaultConfigurationIsVisible = 0;
			defaultConfigurationName = Release;
		};
		BC89D32E21EB743A003E0317 /* Build configuration list for PBXNativeTarget "HoroscopeUITests" */ = {
			isa = XCConfigurationList;
			buildConfigurations = (
				BC89D32F21EB743A003E0317 /* Debug */,
				BC89D33021EB743A003E0317 /* Release */,
			);
			defaultConfigurationIsVisible = 0;
			defaultConfigurationName = Release;
		};
/* End XCConfigurationList section */
	};
	rootObject = BC89D2F821EB7439003E0317 /* Project object */;
}
